
Microsoft Visual Studio Solution File, Format Version 12.00
# Visual Studio 2012
Project("{2150E333-8FDC-42A3-9474-1A3956D46DE8}") = "Solution Items", "Solution Items", "{BFB87A4D-128F-47FC-8C95-5281EC166DB8}"
	ProjectSection(SolutionItems) = preProject
		Local.testsettings = Local.testsettings
		Sharepoint Emails.vsmdi = Sharepoint Emails.vsmdi
		TraceAndTestImpact.testsettings = TraceAndTestImpact.testsettings
	EndProjectSection
EndProject
Project("{FAE04EC0-301F-11D3-BF4B-00C04F79EFBC}") = "SharePointEmails", "Sharepoint Emails\SharePointEmails.csproj", "{0F3BF939-370A-4A37-B500-66825513EB73}"
	ProjectSection(ProjectDependencies) = postProject
		{F5FAC138-E7B6-4F4E-8B03-B08FCCAA0777} = {F5FAC138-E7B6-4F4E-8B03-B08FCCAA0777}
	EndProjectSection
EndProject
Project("{FAE04EC0-301F-11D3-BF4B-00C04F79EFBC}") = "SharePointEmails.Core", "SharePointEmails.Core\SharePointEmails.Core.csproj", "{E73985B3-3C00-4C7C-92D3-70186DBC3D93}"
EndProject
Project("{FAE04EC0-301F-11D3-BF4B-00C04F79EFBC}") = "SharePointEmails.Logging", "SharePointEmails.Logging\SharePointEmails.Logging.csproj", "{F5FAC138-E7B6-4F4E-8B03-B08FCCAA0777}"
EndProject
Project("{FAE04EC0-301F-11D3-BF4B-00C04F79EFBC}") = "SharePointEmails.Core.Tests", "SharePointEmails.Core.Tests\SharePointEmails.Core.Tests.csproj", "{3F2633DE-6FA9-490B-9E73-1BE0C06A8DFF}"
EndProject
Project("{FAE04EC0-301F-11D3-BF4B-00C04F79EFBC}") = "RegisterAlertHandler", "RegisterAlertHandler\RegisterAlertHandler.csproj", "{B45670DE-D2E2-4612-AC33-1BCD69E9C83E}"
EndProject
Project("{FAE04EC0-301F-11D3-BF4B-00C04F79EFBC}") = "SharePoiintEmailsHelpProject", "SharePoiintEmailsHelpProject\SharePoiintEmailsHelpProject.csproj", "{1FA4EC42-A80C-4E39-9224-81001787F358}"
EndProject
Project("{FAE04EC0-301F-11D3-BF4B-00C04F79EFBC}") = "SPMocksBuilder", "SPMocksBuilder\SPMocksBuilder.csproj", "{6452D51A-DF72-443D-AF57-D826D0CB495A}"
EndProject
Project("{FAE04EC0-301F-11D3-BF4B-00C04F79EFBC}") = "SharePointEmails.FunctionalTests", "SharePointEmails.FunctionalTests\SharePointEmails.FunctionalTests.csproj", "{8B684E4A-FE2D-473F-ACBE-3830947C4214}"
EndProject
Project("{FAE04EC0-301F-11D3-BF4B-00C04F79EFBC}") = "Test", "Test\Test.csproj", "{C2085B48-13DC-4456-8860-80D7ECEB9E68}"
EndProject
Project("{F088123C-0E9E-452A-89E6-6BA2F21D5CAC}") = "ModelingProject1", "ModelingProject1\ModelingProject1.modelproj", "{890C2EF9-F837-4776-9524-5BDBBEB6ECE3}"
EndProject
Global
	GlobalSection(TeamFoundationVersionControl) = preSolution
		SccNumberOfProjects = 11
		SccEnterpriseProvider = {4CA58AB2-18FA-4F8D-95D4-32DDF27D184C}
		SccTeamFoundationServer = https://tfs.codeplex.com/tfs/tfs27
		SccLocalPath0 = .
		SccProjectUniqueName1 = SharePointEmails.Core\\SharePointEmails.Core.csproj
		SccProjectName1 = SharePointEmails.Core
		SccLocalPath1 = SharePointEmails.Core
		SccProjectUniqueName2 = SharePointEmails.Logging\\SharePointEmails.Logging.csproj
		SccProjectName2 = SharePointEmails.Logging
		SccLocalPath2 = SharePointEmails.Logging
		SccProjectUniqueName3 = Sharepoint\u0020Emails\\SharePointEmails.csproj
		SccProjectName3 = Sharepoint\u0020Emails
		SccLocalPath3 = Sharepoint\u0020Emails
		SccProjectUniqueName4 = SharePointEmails.Core.Tests\\SharePointEmails.Core.Tests.csproj
		SccProjectName4 = SharePointEmails.Core.Tests
		SccLocalPath4 = SharePointEmails.Core.Tests
		SccProjectUniqueName5 = RegisterAlertHandler\\RegisterAlertHandler.csproj
		SccProjectName5 = RegisterAlertHandler
		SccLocalPath5 = RegisterAlertHandler
		SccProjectUniqueName6 = SharePoiintEmailsHelpProject\\SharePoiintEmailsHelpProject.csproj
		SccProjectName6 = SharePoiintEmailsHelpProject
		SccLocalPath6 = SharePoiintEmailsHelpProject
		SccProjectUniqueName7 = SPMocksBuilder\\SPMocksBuilder.csproj
		SccProjectName7 = SPMocksBuilder
		SccLocalPath7 = SPMocksBuilder
		SccProjectUniqueName8 = SharePointEmails.FunctionalTests\\SharePointEmails.FunctionalTests.csproj
		SccProjectName8 = SharePointEmails.FunctionalTests
		SccLocalPath8 = SharePointEmails.FunctionalTests
		SccProjectUniqueName9 = Test\\Test.csproj
		SccProjectName9 = Test
		SccLocalPath9 = Test
		SccProjectUniqueName10 = ModelingProject1\\ModelingProject1.modelproj
		SccProjectName10 = ModelingProject1
		SccLocalPath10 = ModelingProject1
	EndGlobalSection
	GlobalSection(TestCaseManagementSettings) = postSolution
		CategoryFile = Sharepoint Emails.vsmdi
	EndGlobalSection
	GlobalSection(SolutionConfigurationPlatforms) = preSolution
		Debug|Any CPU = Debug|Any CPU
		Debug|Mixed Platforms = Debug|Mixed Platforms
		Debug|X64 = Debug|X64
		Debug|x86 = Debug|x86
		Release|Any CPU = Release|Any CPU
		Release|Mixed Platforms = Release|Mixed Platforms
		Release|X64 = Release|X64
		Release|x86 = Release|x86
	EndGlobalSection
	GlobalSection(ProjectConfigurationPlatforms) = postSolution
		{0F3BF939-370A-4A37-B500-66825513EB73}.Debug|Any CPU.ActiveCfg = Debug|Any CPU
		{0F3BF939-370A-4A37-B500-66825513EB73}.Debug|Any CPU.Build.0 = Debug|Any CPU
		{0F3BF939-370A-4A37-B500-66825513EB73}.Debug|Any CPU.Deploy.0 = Debug|Any CPU
		{0F3BF939-370A-4A37-B500-66825513EB73}.Debug|Mixed Platforms.ActiveCfg = Debug|Any CPU
		{0F3BF939-370A-4A37-B500-66825513EB73}.Debug|Mixed Platforms.Build.0 = Debug|Any CPU
		{0F3BF939-370A-4A37-B500-66825513EB73}.Debug|Mixed Platforms.Deploy.0 = Debug|Any CPU
		{0F3BF939-370A-4A37-B500-66825513EB73}.Debug|X64.ActiveCfg = Debug|X64
		{0F3BF939-370A-4A37-B500-66825513EB73}.Debug|X64.Build.0 = Debug|X64
		{0F3BF939-370A-4A37-B500-66825513EB73}.Debug|X64.Deploy.0 = Debug|X64
		{0F3BF939-370A-4A37-B500-66825513EB73}.Debug|x86.ActiveCfg = Debug|Any CPU
		{0F3BF939-370A-4A37-B500-66825513EB73}.Release|Any CPU.ActiveCfg = Release|Any CPU
		{0F3BF939-370A-4A37-B500-66825513EB73}.Release|Any CPU.Build.0 = Release|Any CPU
		{0F3BF939-370A-4A37-B500-66825513EB73}.Release|Any CPU.Deploy.0 = Release|Any CPU
		{0F3BF939-370A-4A37-B500-66825513EB73}.Release|Mixed Platforms.ActiveCfg = Release|Any CPU
		{0F3BF939-370A-4A37-B500-66825513EB73}.Release|Mixed Platforms.Build.0 = Release|Any CPU
		{0F3BF939-370A-4A37-B500-66825513EB73}.Release|Mixed Platforms.Deploy.0 = Release|Any CPU
		{0F3BF939-370A-4A37-B500-66825513EB73}.Release|X64.ActiveCfg = Release|X64
		{0F3BF939-370A-4A37-B500-66825513EB73}.Release|X64.Build.0 = Release|X64
		{0F3BF939-370A-4A37-B500-66825513EB73}.Release|X64.Deploy.0 = Release|X64
		{0F3BF939-370A-4A37-B500-66825513EB73}.Release|x86.ActiveCfg = Release|Any CPU
		{E73985B3-3C00-4C7C-92D3-70186DBC3D93}.Debug|Any CPU.ActiveCfg = Debug|Any CPU
		{E73985B3-3C00-4C7C-92D3-70186DBC3D93}.Debug|Any CPU.Build.0 = Debug|Any CPU
		{E73985B3-3C00-4C7C-92D3-70186DBC3D93}.Debug|Mixed Platforms.ActiveCfg = Debug|Any CPU
		{E73985B3-3C00-4C7C-92D3-70186DBC3D93}.Debug|Mixed Platforms.Build.0 = Debug|Any CPU
		{E73985B3-3C00-4C7C-92D3-70186DBC3D93}.Debug|X64.ActiveCfg = Debug|X64
		{E73985B3-3C00-4C7C-92D3-70186DBC3D93}.Debug|X64.Build.0 = Debug|X64
		{E73985B3-3C00-4C7C-92D3-70186DBC3D93}.Debug|x86.ActiveCfg = Debug|Any CPU
		{E73985B3-3C00-4C7C-92D3-70186DBC3D93}.Release|Any CPU.ActiveCfg = Release|Any CPU
		{E73985B3-3C00-4C7C-92D3-70186DBC3D93}.Release|Any CPU.Build.0 = Release|Any CPU
		{E73985B3-3C00-4C7C-92D3-70186DBC3D93}.Release|Mixed Platforms.ActiveCfg = Release|Any CPU
		{E73985B3-3C00-4C7C-92D3-70186DBC3D93}.Release|Mixed Platforms.Build.0 = Release|Any CPU
		{E73985B3-3C00-4C7C-92D3-70186DBC3D93}.Release|X64.ActiveCfg = Release|X64
		{E73985B3-3C00-4C7C-92D3-70186DBC3D93}.Release|X64.Build.0 = Release|X64
		{E73985B3-3C00-4C7C-92D3-70186DBC3D93}.Release|x86.ActiveCfg = Release|Any CPU
		{F5FAC138-E7B6-4F4E-8B03-B08FCCAA0777}.Debug|Any CPU.ActiveCfg = Debug|Any CPU
		{F5FAC138-E7B6-4F4E-8B03-B08FCCAA0777}.Debug|Any CPU.Build.0 = Debug|Any CPU
		{F5FAC138-E7B6-4F4E-8B03-B08FCCAA0777}.Debug|Mixed Platforms.ActiveCfg = Debug|Any CPU
		{F5FAC138-E7B6-4F4E-8B03-B08FCCAA0777}.Debug|Mixed Platforms.Build.0 = Debug|Any CPU
		{F5FAC138-E7B6-4F4E-8B03-B08FCCAA0777}.Debug|X64.ActiveCfg = Debug|X64
		{F5FAC138-E7B6-4F4E-8B03-B08FCCAA0777}.Debug|X64.Build.0 = Debug|X64
		{F5FAC138-E7B6-4F4E-8B03-B08FCCAA0777}.Debug|x86.ActiveCfg = Debug|Any CPU
		{F5FAC138-E7B6-4F4E-8B03-B08FCCAA0777}.Release|Any CPU.ActiveCfg = Release|Any CPU
		{F5FAC138-E7B6-4F4E-8B03-B08FCCAA0777}.Release|Any CPU.Build.0 = Release|Any CPU
		{F5FAC138-E7B6-4F4E-8B03-B08FCCAA0777}.Release|Mixed Platforms.ActiveCfg = Release|Any CPU
		{F5FAC138-E7B6-4F4E-8B03-B08FCCAA0777}.Release|Mixed Platforms.Build.0 = Release|Any CPU
		{F5FAC138-E7B6-4F4E-8B03-B08FCCAA0777}.Release|X64.ActiveCfg = Release|X64
		{F5FAC138-E7B6-4F4E-8B03-B08FCCAA0777}.Release|X64.Build.0 = Release|X64
		{F5FAC138-E7B6-4F4E-8B03-B08FCCAA0777}.Release|x86.ActiveCfg = Release|Any CPU
		{3F2633DE-6FA9-490B-9E73-1BE0C06A8DFF}.Debug|Any CPU.ActiveCfg = Debug|Any CPU
		{3F2633DE-6FA9-490B-9E73-1BE0C06A8DFF}.Debug|Mixed Platforms.ActiveCfg = Debug|Any CPU
		{3F2633DE-6FA9-490B-9E73-1BE0C06A8DFF}.Debug|Mixed Platforms.Build.0 = Debug|Any CPU
		{3F2633DE-6FA9-490B-9E73-1BE0C06A8DFF}.Debug|X64.ActiveCfg = Debug|X64
		{3F2633DE-6FA9-490B-9E73-1BE0C06A8DFF}.Debug|X64.Build.0 = Debug|X64
		{3F2633DE-6FA9-490B-9E73-1BE0C06A8DFF}.Debug|x86.ActiveCfg = Debug|Any CPU
		{3F2633DE-6FA9-490B-9E73-1BE0C06A8DFF}.Release|Any CPU.ActiveCfg = Release|Any CPU
		{3F2633DE-6FA9-490B-9E73-1BE0C06A8DFF}.Release|Any CPU.Build.0 = Release|Any CPU
		{3F2633DE-6FA9-490B-9E73-1BE0C06A8DFF}.Release|Mixed Platforms.ActiveCfg = Release|Any CPU
		{3F2633DE-6FA9-490B-9E73-1BE0C06A8DFF}.Release|Mixed Platforms.Build.0 = Release|Any CPU
		{3F2633DE-6FA9-490B-9E73-1BE0C06A8DFF}.Release|X64.ActiveCfg = Release|X64
		{3F2633DE-6FA9-490B-9E73-1BE0C06A8DFF}.Release|X64.Build.0 = Release|X64
		{3F2633DE-6FA9-490B-9E73-1BE0C06A8DFF}.Release|x86.ActiveCfg = Release|Any CPU
		{B45670DE-D2E2-4612-AC33-1BCD69E9C83E}.Debug|Any CPU.ActiveCfg = Debug|x86
		{B45670DE-D2E2-4612-AC33-1BCD69E9C83E}.Debug|Mixed Platforms.ActiveCfg = Debug|x86
		{B45670DE-D2E2-4612-AC33-1BCD69E9C83E}.Debug|Mixed Platforms.Build.0 = Debug|x86
		{B45670DE-D2E2-4612-AC33-1BCD69E9C83E}.Debug|X64.ActiveCfg = Debug|x86
		{B45670DE-D2E2-4612-AC33-1BCD69E9C83E}.Debug|x86.ActiveCfg = Debug|x86
		{B45670DE-D2E2-4612-AC33-1BCD69E9C83E}.Debug|x86.Build.0 = Debug|x86
		{B45670DE-D2E2-4612-AC33-1BCD69E9C83E}.Release|Any CPU.ActiveCfg = Release|x86
		{B45670DE-D2E2-4612-AC33-1BCD69E9C83E}.Release|Mixed Platforms.ActiveCfg = Release|x86
		{B45670DE-D2E2-4612-AC33-1BCD69E9C83E}.Release|Mixed Platforms.Build.0 = Release|x86
		{B45670DE-D2E2-4612-AC33-1BCD69E9C83E}.Release|X64.ActiveCfg = Release|x86
		{B45670DE-D2E2-4612-AC33-1BCD69E9C83E}.Release|x86.ActiveCfg = Release|x86
		{B45670DE-D2E2-4612-AC33-1BCD69E9C83E}.Release|x86.Build.0 = Release|x86
		{1FA4EC42-A80C-4E39-9224-81001787F358}.Debug|Any CPU.ActiveCfg = Debug|x86
		{1FA4EC42-A80C-4E39-9224-81001787F358}.Debug|Mixed Platforms.ActiveCfg = Debug|x86
		{1FA4EC42-A80C-4E39-9224-81001787F358}.Debug|Mixed Platforms.Build.0 = Debug|x86
		{1FA4EC42-A80C-4E39-9224-81001787F358}.Debug|X64.ActiveCfg = Debug|X64
		{1FA4EC42-A80C-4E39-9224-81001787F358}.Debug|X64.Build.0 = Debug|X64
		{1FA4EC42-A80C-4E39-9224-81001787F358}.Debug|x86.ActiveCfg = Debug|x86
		{1FA4EC42-A80C-4E39-9224-81001787F358}.Debug|x86.Build.0 = Debug|x86
		{1FA4EC42-A80C-4E39-9224-81001787F358}.Release|Any CPU.ActiveCfg = Release|x86
		{1FA4EC42-A80C-4E39-9224-81001787F358}.Release|Mixed Platforms.ActiveCfg = Release|x86
		{1FA4EC42-A80C-4E39-9224-81001787F358}.Release|Mixed Platforms.Build.0 = Release|x86
		{1FA4EC42-A80C-4E39-9224-81001787F358}.Release|X64.ActiveCfg = Release|X64
		{1FA4EC42-A80C-4E39-9224-81001787F358}.Release|X64.Build.0 = Release|X64
		{1FA4EC42-A80C-4E39-9224-81001787F358}.Release|x86.ActiveCfg = Release|x86
		{1FA4EC42-A80C-4E39-9224-81001787F358}.Release|x86.Build.0 = Release|x86
		{6452D51A-DF72-443D-AF57-D826D0CB495A}.Debug|Any CPU.ActiveCfg = Debug|Any CPU
		{6452D51A-DF72-443D-AF57-D826D0CB495A}.Debug|Mixed Platforms.ActiveCfg = Debug|Any CPU
		{6452D51A-DF72-443D-AF57-D826D0CB495A}.Debug|Mixed Platforms.Build.0 = Debug|Any CPU
		{6452D51A-DF72-443D-AF57-D826D0CB495A}.Debug|X64.ActiveCfg = Debug|X64
		{6452D51A-DF72-443D-AF57-D826D0CB495A}.Debug|X64.Build.0 = Debug|X64
		{6452D51A-DF72-443D-AF57-D826D0CB495A}.Debug|x86.ActiveCfg = Debug|Any CPU
		{6452D51A-DF72-443D-AF57-D826D0CB495A}.Release|Any CPU.ActiveCfg = Release|Any CPU
		{6452D51A-DF72-443D-AF57-D826D0CB495A}.Release|Any CPU.Build.0 = Release|Any CPU
		{6452D51A-DF72-443D-AF57-D826D0CB495A}.Release|Mixed Platforms.ActiveCfg = Release|Any CPU
		{6452D51A-DF72-443D-AF57-D826D0CB495A}.Release|Mixed Platforms.Build.0 = Release|Any CPU
		{6452D51A-DF72-443D-AF57-D826D0CB495A}.Release|X64.ActiveCfg = Release|X64
		{6452D51A-DF72-443D-AF57-D826D0CB495A}.Release|X64.Build.0 = Release|X64
		{6452D51A-DF72-443D-AF57-D826D0CB495A}.Release|x86.ActiveCfg = Release|Any CPU
		{8B684E4A-FE2D-473F-ACBE-3830947C4214}.Debug|Any CPU.ActiveCfg = Debug|Any CPU
		{8B684E4A-FE2D-473F-ACBE-3830947C4214}.Debug|Mixed Platforms.ActiveCfg = Debug|Any CPU
		{8B684E4A-FE2D-473F-ACBE-3830947C4214}.Debug|Mixed Platforms.Build.0 = Debug|Any CPU
		{8B684E4A-FE2D-473F-ACBE-3830947C4214}.Debug|X64.ActiveCfg = Debug|X64
		{8B684E4A-FE2D-473F-ACBE-3830947C4214}.Debug|X64.Build.0 = Debug|X64
		{8B684E4A-FE2D-473F-ACBE-3830947C4214}.Debug|x86.ActiveCfg = Debug|Any CPU
		{8B684E4A-FE2D-473F-ACBE-3830947C4214}.Release|Any CPU.ActiveCfg = Release|Any CPU
		{8B684E4A-FE2D-473F-ACBE-3830947C4214}.Release|Any CPU.Build.0 = Release|Any CPU
		{8B684E4A-FE2D-473F-ACBE-3830947C4214}.Release|Mixed Platforms.ActiveCfg = Release|Any CPU
		{8B684E4A-FE2D-473F-ACBE-3830947C4214}.Release|Mixed Platforms.Build.0 = Release|Any CPU
		{8B684E4A-FE2D-473F-ACBE-3830947C4214}.Release|X64.ActiveCfg = Release|X64
		{8B684E4A-FE2D-473F-ACBE-3830947C4214}.Release|X64.Build.0 = Release|X64
		{8B684E4A-FE2D-473F-ACBE-3830947C4214}.Release|x86.ActiveCfg = Release|Any CPU
		{C2085B48-13DC-4456-8860-80D7ECEB9E68}.Debug|Any CPU.ActiveCfg = Debug|x86
		{C2085B48-13DC-4456-8860-80D7ECEB9E68}.Debug|Mixed Platforms.ActiveCfg = Debug|x86
		{C2085B48-13DC-4456-8860-80D7ECEB9E68}.Debug|Mixed Platforms.Build.0 = Debug|x86
		{C2085B48-13DC-4456-8860-80D7ECEB9E68}.Debug|X64.ActiveCfg = Debug|x86
		{C2085B48-13DC-4456-8860-80D7ECEB9E68}.Debug|x86.ActiveCfg = Debug|x86
		{C2085B48-13DC-4456-8860-80D7ECEB9E68}.Debug|x86.Build.0 = Debug|x86
		{C2085B48-13DC-4456-8860-80D7ECEB9E68}.Release|Any CPU.ActiveCfg = Release|x86
		{C2085B48-13DC-4456-8860-80D7ECEB9E68}.Release|Mixed Platforms.ActiveCfg = Release|x86
		{C2085B48-13DC-4456-8860-80D7ECEB9E68}.Release|Mixed Platforms.Build.0 = Release|x86
		{C2085B48-13DC-4456-8860-80D7ECEB9E68}.Release|X64.ActiveCfg = Release|x86
		{C2085B48-13DC-4456-8860-80D7ECEB9E68}.Release|x86.ActiveCfg = Release|x86
		{C2085B48-13DC-4456-8860-80D7ECEB9E68}.Release|x86.Build.0 = Release|x86
		{890C2EF9-F837-4776-9524-5BDBBEB6ECE3}.Debug|Any CPU.ActiveCfg = Debug|Any CPU
		{890C2EF9-F837-4776-9524-5BDBBEB6ECE3}.Debug|Any CPU.Build.0 = Debug|Any CPU
		{890C2EF9-F837-4776-9524-5BDBBEB6ECE3}.Debug|Mixed Platforms.ActiveCfg = Debug|Any CPU
		{890C2EF9-F837-4776-9524-5BDBBEB6ECE3}.Debug|Mixed Platforms.Build.0 = Debug|Any CPU
		{890C2EF9-F837-4776-9524-5BDBBEB6ECE3}.Debug|X64.ActiveCfg = Debug|Any CPU
		{890C2EF9-F837-4776-9524-5BDBBEB6ECE3}.Debug|x86.ActiveCfg = Debug|Any CPU
		{890C2EF9-F837-4776-9524-5BDBBEB6ECE3}.Release|Any CPU.ActiveCfg = Release|Any CPU
		{890C2EF9-F837-4776-9524-5BDBBEB6ECE3}.Release|Any CPU.Build.0 = Release|Any CPU
		{890C2EF9-F837-4776-9524-5BDBBEB6ECE3}.Release|Mixed Platforms.ActiveCfg = Release|Any CPU
		{890C2EF9-F837-4776-9524-5BDBBEB6ECE3}.Release|Mixed Platforms.Build.0 = Release|Any CPU
		{890C2EF9-F837-4776-9524-5BDBBEB6ECE3}.Release|X64.ActiveCfg = Release|Any CPU
		{890C2EF9-F837-4776-9524-5BDBBEB6ECE3}.Release|x86.ActiveCfg = Release|Any CPU
	EndGlobalSection
	GlobalSection(SolutionProperties) = preSolution
		HideSolutionNode = FALSE
	EndGlobalSection
EndGlobal
